// !$*UTF8*$!
{
	archiveVersion = 1;
	classes = {
	};
	objectVersion = 56;
	objects = {

/* Begin PBXBuildFile section */
		1212CB992C4FFB6E007A212E /* OnboardingView.swift in Sources */ = {isa = PBXBuildFile; fileRef = 1212CB982C4FFB6E007A212E /* OnboardingView.swift */; };
		1212CB9B2C5014CB007A212E /* HomeView.swift in Sources */ = {isa = PBXBuildFile; fileRef = 1212CB9A2C5014CB007A212E /* HomeView.swift */; };
		1212CB9D2C501567007A212E /* MenuView.swift in Sources */ = {isa = PBXBuildFile; fileRef = 1212CB9C2C501567007A212E /* MenuView.swift */; };
		1242B9F32C4FB8BC00E14685 /* Meta_IOS_CapstoneApp.swift in Sources */ = {isa = PBXBuildFile; fileRef = 1242B9F22C4FB8BC00E14685 /* Meta_IOS_CapstoneApp.swift */; };
		1242B9F52C4FB8BC00E14685 /* ContentView.swift in Sources */ = {isa = PBXBuildFile; fileRef = 1242B9F42C4FB8BC00E14685 /* ContentView.swift */; };
		1242B9F72C4FB8BE00E14685 /* Assets.xcassets in Resources */ = {isa = PBXBuildFile; fileRef = 1242B9F62C4FB8BE00E14685 /* Assets.xcassets */; };
		1242B9FA2C4FB8BE00E14685 /* Preview Assets.xcassets in Resources */ = {isa = PBXBuildFile; fileRef = 1242B9F92C4FB8BE00E14685 /* Preview Assets.xcassets */; };
		1242B9FC2C4FB8BE00E14685 /* Persistence.swift in Sources */ = {isa = PBXBuildFile; fileRef = 1242B9FB2C4FB8BE00E14685 /* Persistence.swift */; };
		1242B9FF2C4FB8BE00E14685 /* Meta_IOS_Capstone.xcdatamodeld in Sources */ = {isa = PBXBuildFile; fileRef = 1242B9FD2C4FB8BE00E14685 /* Meta_IOS_Capstone.xcdatamodeld */; };
		1242BA092C4FB8BE00E14685 /* Meta_IOS_CapstoneTests.swift in Sources */ = {isa = PBXBuildFile; fileRef = 1242BA082C4FB8BE00E14685 /* Meta_IOS_CapstoneTests.swift */; };
		1242BA132C4FB8BE00E14685 /* Meta_IOS_CapstoneUITests.swift in Sources */ = {isa = PBXBuildFile; fileRef = 1242BA122C4FB8BE00E14685 /* Meta_IOS_CapstoneUITests.swift */; };
		1242BA152C4FB8BE00E14685 /* Meta_IOS_CapstoneUITestsLaunchTests.swift in Sources */ = {isa = PBXBuildFile; fileRef = 1242BA142C4FB8BE00E14685 /* Meta_IOS_CapstoneUITestsLaunchTests.swift */; };
/* End PBXBuildFile section */

/* Begin PBXContainerItemProxy section */
		1242BA052C4FB8BE00E14685 /* PBXContainerItemProxy */ = {
			isa = PBXContainerItemProxy;
			containerPortal = 1242B9E72C4FB8BC00E14685 /* Project object */;
			proxyType = 1;
			remoteGlobalIDString = 1242B9EE2C4FB8BC00E14685;
			remoteInfo = "Meta-IOS-Capstone";
		};
		1242BA0F2C4FB8BE00E14685 /* PBXContainerItemProxy */ = {
			isa = PBXContainerItemProxy;
			containerPortal = 1242B9E72C4FB8BC00E14685 /* Project object */;
			proxyType = 1;
			remoteGlobalIDString = 1242B9EE2C4FB8BC00E14685;
			remoteInfo = "Meta-IOS-Capstone";
		};
/* End PBXContainerItemProxy section */

/* Begin PBXFileReference section */
		1212CB982C4FFB6E007A212E /* OnboardingView.swift */ = {isa = PBXFileReference; lastKnownFileType = sourcecode.swift; path = OnboardingView.swift; sourceTree = "<group>"; };
		1212CB9A2C5014CB007A212E /* HomeView.swift */ = {isa = PBXFileReference; lastKnownFileType = sourcecode.swift; path = HomeView.swift; sourceTree = "<group>"; };
		1212CB9C2C501567007A212E /* MenuView.swift */ = {isa = PBXFileReference; lastKnownFileType = sourcecode.swift; path = MenuView.swift; sourceTree = "<group>"; };
		1242B9EF2C4FB8BC00E14685 /* Meta-IOS-Capstone.app */ = {isa = PBXFileReference; explicitFileType = wrapper.application; includeInIndex = 0; path = "Meta-IOS-Capstone.app"; sourceTree = BUILT_PRODUCTS_DIR; };
		1242B9F22C4FB8BC00E14685 /* Meta_IOS_CapstoneApp.swift */ = {isa = PBXFileReference; lastKnownFileType = sourcecode.swift; path = Meta_IOS_CapstoneApp.swift; sourceTree = "<group>"; };
		1242B9F42C4FB8BC00E14685 /* ContentView.swift */ = {isa = PBXFileReference; lastKnownFileType = sourcecode.swift; path = ContentView.swift; sourceTree = "<group>"; };
		1242B9F62C4FB8BE00E14685 /* Assets.xcassets */ = {isa = PBXFileReference; lastKnownFileType = folder.assetcatalog; path = Assets.xcassets; sourceTree = "<group>"; };
		1242B9F92C4FB8BE00E14685 /* Preview Assets.xcassets */ = {isa = PBXFileReference; lastKnownFileType = folder.assetcatalog; path = "Preview Assets.xcassets"; sourceTree = "<group>"; };
		1242B9FB2C4FB8BE00E14685 /* Persistence.swift */ = {isa = PBXFileReference; lastKnownFileType = sourcecode.swift; path = Persistence.swift; sourceTree = "<group>"; };
		1242B9FE2C4FB8BE00E14685 /* Meta_IOS_Capstone.xcdatamodel */ = {isa = PBXFileReference; lastKnownFileType = wrapper.xcdatamodel; path = Meta_IOS_Capstone.xcdatamodel; sourceTree = "<group>"; };
		1242BA042C4FB8BE00E14685 /* Meta-IOS-CapstoneTests.xctest */ = {isa = PBXFileReference; explicitFileType = wrapper.cfbundle; includeInIndex = 0; path = "Meta-IOS-CapstoneTests.xctest"; sourceTree = BUILT_PRODUCTS_DIR; };
		1242BA082C4FB8BE00E14685 /* Meta_IOS_CapstoneTests.swift */ = {isa = PBXFileReference; lastKnownFileType = sourcecode.swift; path = Meta_IOS_CapstoneTests.swift; sourceTree = "<group>"; };
		1242BA0E2C4FB8BE00E14685 /* Meta-IOS-CapstoneUITests.xctest */ = {isa = PBXFileReference; explicitFileType = wrapper.cfbundle; includeInIndex = 0; path = "Meta-IOS-CapstoneUITests.xctest"; sourceTree = BUILT_PRODUCTS_DIR; };
		1242BA122C4FB8BE00E14685 /* Meta_IOS_CapstoneUITests.swift */ = {isa = PBXFileReference; lastKnownFileType = sourcecode.swift; path = Meta_IOS_CapstoneUITests.swift; sourceTree = "<group>"; };
		1242BA142C4FB8BE00E14685 /* Meta_IOS_CapstoneUITestsLaunchTests.swift */ = {isa = PBXFileReference; lastKnownFileType = sourcecode.swift; path = Meta_IOS_CapstoneUITestsLaunchTests.swift; sourceTree = "<group>"; };
/* End PBXFileReference section */

/* Begin PBXFrameworksBuildPhase section */
		1242B9EC2C4FB8BC00E14685 /* Frameworks */ = {
			isa = PBXFrameworksBuildPhase;
			buildActionMask = 2147483647;
			files = (
			);
			runOnlyForDeploymentPostprocessing = 0;
		};
		1242BA012C4FB8BE00E14685 /* Frameworks */ = {
			isa = PBXFrameworksBuildPhase;
			buildActionMask = 2147483647;
			files = (
			);
			runOnlyForDeploymentPostprocessing = 0;
		};
		1242BA0B2C4FB8BE00E14685 /* Frameworks */ = {
			isa = PBXFrameworksBuildPhase;
			buildActionMask = 2147483647;
			files = (
			);
			runOnlyForDeploymentPostprocessing = 0;
		};
/* End PBXFrameworksBuildPhase section */

/* Begin PBXGroup section */
		1212CB972C4FFB5A007A212E /* Views */ = {
			isa = PBXGroup;
			children = (
				1212CB982C4FFB6E007A212E /* OnboardingView.swift */,
				1212CB9A2C5014CB007A212E /* HomeView.swift */,
				1212CB9C2C501567007A212E /* MenuView.swift */,
			);
			path = Views;
			sourceTree = "<group>";
		};
		1242B9E62C4FB8BC00E14685 = {
			isa = PBXGroup;
			children = (
				1242B9F12C4FB8BC00E14685 /* Meta-IOS-Capstone */,
				1242BA072C4FB8BE00E14685 /* Meta-IOS-CapstoneTests */,
				1242BA112C4FB8BE00E14685 /* Meta-IOS-CapstoneUITests */,
				1242B9F02C4FB8BC00E14685 /* Products */,
			);
			sourceTree = "<group>";
		};
		1242B9F02C4FB8BC00E14685 /* Products */ = {
			isa = PBXGroup;
			children = (
				1242B9EF2C4FB8BC00E14685 /* Meta-IOS-Capstone.app */,
				1242BA042C4FB8BE00E14685 /* Meta-IOS-CapstoneTests.xctest */,
				1242BA0E2C4FB8BE00E14685 /* Meta-IOS-CapstoneUITests.xctest */,
			);
			name = Products;
			sourceTree = "<group>";
		};
		1242B9F12C4FB8BC00E14685 /* Meta-IOS-Capstone */ = {
			isa = PBXGroup;
			children = (
				1212CB972C4FFB5A007A212E /* Views */,
				1242B9F22C4FB8BC00E14685 /* Meta_IOS_CapstoneApp.swift */,
				1242B9F42C4FB8BC00E14685 /* ContentView.swift */,
				1242B9F62C4FB8BE00E14685 /* Assets.xcassets */,
				1242B9FB2C4FB8BE00E14685 /* Persistence.swift */,
				1242B9FD2C4FB8BE00E14685 /* Meta_IOS_Capstone.xcdatamodeld */,
				1242B9F82C4FB8BE00E14685 /* Preview Content */,
			);
			path = "Meta-IOS-Capstone";
			sourceTree = "<group>";
		};
		1242B9F82C4FB8BE00E14685 /* Preview Content */ = {
			isa = PBXGroup;
			children = (
				1242B9F92C4FB8BE00E14685 /* Preview Assets.xcassets */,
			);
			path = "Preview Content";
			sourceTree = "<group>";
		};
		1242BA072C4FB8BE00E14685 /* Meta-IOS-CapstoneTests */ = {
			isa = PBXGroup;
			children = (
				1242BA082C4FB8BE00E14685 /* Meta_IOS_CapstoneTests.swift */,
			);
			path = "Meta-IOS-CapstoneTests";
			sourceTree = "<group>";
		};
		1242BA112C4FB8BE00E14685 /* Meta-IOS-CapstoneUITests */ = {
			isa = PBXGroup;
			children = (
				1242BA122C4FB8BE00E14685 /* Meta_IOS_CapstoneUITests.swift */,
				1242BA142C4FB8BE00E14685 /* Meta_IOS_CapstoneUITestsLaunchTests.swift */,
			);
			path = "Meta-IOS-CapstoneUITests";
			sourceTree = "<group>";
		};
/* End PBXGroup section */

/* Begin PBXNativeTarget section */
		1242B9EE2C4FB8BC00E14685 /* Meta-IOS-Capstone */ = {
			isa = PBXNativeTarget;
			buildConfigurationList = 1242BA182C4FB8BE00E14685 /* Build configuration list for PBXNativeTarget "Meta-IOS-Capstone" */;
			buildPhases = (
				1242B9EB2C4FB8BC00E14685 /* Sources */,
				1242B9EC2C4FB8BC00E14685 /* Frameworks */,
				1242B9ED2C4FB8BC00E14685 /* Resources */,
			);
			buildRules = (
			);
			dependencies = (
			);
			name = "Meta-IOS-Capstone";
			productName = "Meta-IOS-Capstone";
			productReference = 1242B9EF2C4FB8BC00E14685 /* Meta-IOS-Capstone.app */;
			productType = "com.apple.product-type.application";
		};
		1242BA032C4FB8BE00E14685 /* Meta-IOS-CapstoneTests */ = {
			isa = PBXNativeTarget;
			buildConfigurationList = 1242BA1B2C4FB8BE00E14685 /* Build configuration list for PBXNativeTarget "Meta-IOS-CapstoneTests" */;
			buildPhases = (
				1242BA002C4FB8BE00E14685 /* Sources */,
				1242BA012C4FB8BE00E14685 /* Frameworks */,
				1242BA022C4FB8BE00E14685 /* Resources */,
			);
			buildRules = (
			);
			dependencies = (
				1242BA062C4FB8BE00E14685 /* PBXTargetDependency */,
			);
			name = "Meta-IOS-CapstoneTests";
			productName = "Meta-IOS-CapstoneTests";
			productReference = 1242BA042C4FB8BE00E14685 /* Meta-IOS-CapstoneTests.xctest */;
			productType = "com.apple.product-type.bundle.unit-test";
		};
		1242BA0D2C4FB8BE00E14685 /* Meta-IOS-CapstoneUITests */ = {
			isa = PBXNativeTarget;
			buildConfigurationList = 1242BA1E2C4FB8BE00E14685 /* Build configuration list for PBXNativeTarget "Meta-IOS-CapstoneUITests" */;
			buildPhases = (
				1242BA0A2C4FB8BE00E14685 /* Sources */,
				1242BA0B2C4FB8BE00E14685 /* Frameworks */,
				1242BA0C2C4FB8BE00E14685 /* Resources */,
			);
			buildRules = (
			);
			dependencies = (
				1242BA102C4FB8BE00E14685 /* PBXTargetDependency */,
			);
			name = "Meta-IOS-CapstoneUITests";
			productName = "Meta-IOS-CapstoneUITests";
			productReference = 1242BA0E2C4FB8BE00E14685 /* Meta-IOS-CapstoneUITests.xctest */;
			productType = "com.apple.product-type.bundle.ui-testing";
		};
/* End PBXNativeTarget section */

/* Begin PBXProject section */
		1242B9E72C4FB8BC00E14685 /* Project object */ = {
			isa = PBXProject;
			attributes = {
				BuildIndependentTargetsInParallel = 1;
				LastSwiftUpdateCheck = 1530;
				LastUpgradeCheck = 1530;
				TargetAttributes = {
					1242B9EE2C4FB8BC00E14685 = {
						CreatedOnToolsVersion = 15.3;
					};
					1242BA032C4FB8BE00E14685 = {
						CreatedOnToolsVersion = 15.3;
						TestTargetID = 1242B9EE2C4FB8BC00E14685;
					};
					1242BA0D2C4FB8BE00E14685 = {
						CreatedOnToolsVersion = 15.3;
						TestTargetID = 1242B9EE2C4FB8BC00E14685;
					};
				};
			};
			buildConfigurationList = 1242B9EA2C4FB8BC00E14685 /* Build configuration list for PBXProject "Meta-IOS-Capstone" */;
			compatibilityVersion = "Xcode 14.0";
			developmentRegion = en;
			hasScannedForEncodings = 0;
			knownRegions = (
				en,
				Base,
			);
			mainGroup = 1242B9E62C4FB8BC00E14685;
			productRefGroup = 1242B9F02C4FB8BC00E14685 /* Products */;
			projectDirPath = "";
			projectRoot = "";
			targets = (
				1242B9EE2C4FB8BC00E14685 /* Meta-IOS-Capstone */,
				1242BA032C4FB8BE00E14685 /* Meta-IOS-CapstoneTests */,
				1242BA0D2C4FB8BE00E14685 /* Meta-IOS-CapstoneUITests */,
			);
		};
/* End PBXProject section */

/* Begin PBXResourcesBuildPhase section */
		1242B9ED2C4FB8BC00E14685 /* Resources */ = {
			isa = PBXResourcesBuildPhase;
			buildActionMask = 2147483647;
			files = (
				1242B9FA2C4FB8BE00E14685 /* Preview Assets.xcassets in Resources */,
				1242B9F72C4FB8BE00E14685 /* Assets.xcassets in Resources */,
			);
			runOnlyForDeploymentPostprocessing = 0;
		};
		1242BA022C4FB8BE00E14685 /* Resources */ = {
			isa = PBXResourcesBuildPhase;
			buildActionMask = 2147483647;
			files = (
			);
			runOnlyForDeploymentPostprocessing = 0;
		};
		1242BA0C2C4FB8BE00E14685 /* Resources */ = {
			isa = PBXResourcesBuildPhase;
			buildActionMask = 2147483647;
			files = (
			);
			runOnlyForDeploymentPostprocessing = 0;
		};
/* End PBXResourcesBuildPhase section */

/* Begin PBXSourcesBuildPhase section */
		1242B9EB2C4FB8BC00E14685 /* Sources */ = {
			isa = PBXSourcesBuildPhase;
			buildActionMask = 2147483647;
			files = (
				1212CB9D2C501567007A212E /* MenuView.swift in Sources */,
				1242B9FC2C4FB8BE00E14685 /* Persistence.swift in Sources */,
				1242B9F52C4FB8BC00E14685 /* ContentView.swift in Sources */,
				1242B9F32C4FB8BC00E14685 /* Meta_IOS_CapstoneApp.swift in Sources */,
				1212CB9B2C5014CB007A212E /* HomeView.swift in Sources */,
				1212CB992C4FFB6E007A212E /* OnboardingView.swift in Sources */,
				1242B9FF2C4FB8BE00E14685 /* Meta_IOS_Capstone.xcdatamodeld in Sources */,
			);
			runOnlyForDeploymentPostprocessing = 0;
		};
		1242BA002C4FB8BE00E14685 /* Sources */ = {
			isa = PBXSourcesBuildPhase;
			buildActionMask = 2147483647;
			files = (
				1242BA092C4FB8BE00E14685 /* Meta_IOS_CapstoneTests.swift in Sources */,
			);
			runOnlyForDeploymentPostprocessing = 0;
		};
		1242BA0A2C4FB8BE00E14685 /* Sources */ = {
			isa = PBXSourcesBuildPhase;
			buildActionMask = 2147483647;
			files = (
				1242BA152C4FB8BE00E14685 /* Meta_IOS_CapstoneUITestsLaunchTests.swift in Sources */,
				1242BA132C4FB8BE00E14685 /* Meta_IOS_CapstoneUITests.swift in Sources */,
			);
			runOnlyForDeploymentPostprocessing = 0;
		};
/* End PBXSourcesBuildPhase section */

/* Begin PBXTargetDependency section */
		1242BA062C4FB8BE00E14685 /* PBXTargetDependency */ = {
			isa = PBXTargetDependency;
			target = 1242B9EE2C4FB8BC00E14685 /* Meta-IOS-Capstone */;
			targetProxy = 1242BA052C4FB8BE00E14685 /* PBXContainerItemProxy */;
		};
		1242BA102C4FB8BE00E14685 /* PBXTargetDependency */ = {
			isa = PBXTargetDependency;
			target = 1242B9EE2C4FB8BC00E14685 /* Meta-IOS-Capstone */;
			targetProxy = 1242BA0F2C4FB8BE00E14685 /* PBXContainerItemProxy */;
		};
/* End PBXTargetDependency section */

/* Begin XCBuildConfiguration section */
		1242BA162C4FB8BE00E14685 /* Debug */ = {
			isa = XCBuildConfiguration;
			buildSettings = {
				ALWAYS_SEARCH_USER_PATHS = NO;
				ASSETCATALOG_COMPILER_GENERATE_SWIFT_ASSET_SYMBOL_EXTENSIONS = YES;
				CLANG_ANALYZER_NONNULL = YES;
				CLANG_ANALYZER_NUMBER_OBJECT_CONVERSION = YES_AGGRESSIVE;
				CLANG_CXX_LANGUAGE_STANDARD = "gnu++20";
				CLANG_ENABLE_MODULES = YES;
				CLANG_ENABLE_OBJC_ARC = YES;
				CLANG_ENABLE_OBJC_WEAK = YES;
				CLANG_WARN_BLOCK_CAPTURE_AUTORELEASING = YES;
				CLANG_WARN_BOOL_CONVERSION = YES;
				CLANG_WARN_COMMA = YES;
				CLANG_WARN_CONSTANT_CONVERSION = YES;
				CLANG_WARN_DEPRECATED_OBJC_IMPLEMENTATIONS = YES;
				CLANG_WARN_DIRECT_OBJC_ISA_USAGE = YES_ERROR;
				CLANG_WARN_DOCUMENTATION_COMMENTS = YES;
				CLANG_WARN_EMPTY_BODY = YES;
				CLANG_WARN_ENUM_CONVERSION = YES;
				CLANG_WARN_INFINITE_RECURSION = YES;
				CLANG_WARN_INT_CONVERSION = YES;
				CLANG_WARN_NON_LITERAL_NULL_CONVERSION = YES;
				CLANG_WARN_OBJC_IMPLICIT_RETAIN_SELF = YES;
				CLANG_WARN_OBJC_LITERAL_CONVERSION = YES;
				CLANG_WARN_OBJC_ROOT_CLASS = YES_ERROR;
				CLANG_WARN_QUOTED_INCLUDE_IN_FRAMEWORK_HEADER = YES;
				CLANG_WARN_RANGE_LOOP_ANALYSIS = YES;
				CLANG_WARN_STRICT_PROTOTYPES = YES;
				CLANG_WARN_SUSPICIOUS_MOVE = YES;
				CLANG_WARN_UNGUARDED_AVAILABILITY = YES_AGGRESSIVE;
				CLANG_WARN_UNREACHABLE_CODE = YES;
				CLANG_WARN__DUPLICATE_METHOD_MATCH = YES;
				COPY_PHASE_STRIP = NO;
				DEBUG_INFORMATION_FORMAT = dwarf;
				ENABLE_STRICT_OBJC_MSGSEND = YES;
				ENABLE_TESTABILITY = YES;
				ENABLE_USER_SCRIPT_SANDBOXING = YES;
				GCC_C_LANGUAGE_STANDARD = gnu17;
				GCC_DYNAMIC_NO_PIC = NO;
				GCC_NO_COMMON_BLOCKS = YES;
				GCC_OPTIMIZATION_LEVEL = 0;
				GCC_PREPROCESSOR_DEFINITIONS = (
					"DEBUG=1",
					"$(inherited)",
				);
				GCC_WARN_64_TO_32_BIT_CONVERSION = YES;
				GCC_WARN_ABOUT_RETURN_TYPE = YES_ERROR;
				GCC_WARN_UNDECLARED_SELECTOR = YES;
				GCC_WARN_UNINITIALIZED_AUTOS = YES_AGGRESSIVE;
				GCC_WARN_UNUSED_FUNCTION = YES;
				GCC_WARN_UNUSED_VARIABLE = YES;
				IPHONEOS_DEPLOYMENT_TARGET = 17.4;
				LOCALIZATION_PREFERS_STRING_CATALOGS = YES;
				MTL_ENABLE_DEBUG_INFO = INCLUDE_SOURCE;
				MTL_FAST_MATH = YES;
				ONLY_ACTIVE_ARCH = YES;
				SDKROOT = iphoneos;
				SWIFT_ACTIVE_COMPILATION_CONDITIONS = "DEBUG $(inherited)";
				SWIFT_OPTIMIZATION_LEVEL = "-Onone";
			};
			name = Debug;
		};
		1242BA172C4FB8BE00E14685 /* Release */ = {
			isa = XCBuildConfiguration;
			buildSettings = {
				ALWAYS_SEARCH_USER_PATHS = NO;
				ASSETCATALOG_COMPILER_GENERATE_SWIFT_ASSET_SYMBOL_EXTENSIONS = YES;
				CLANG_ANALYZER_NONNULL = YES;
				CLANG_ANALYZER_NUMBER_OBJECT_CONVERSION = YES_AGGRESSIVE;
				CLANG_CXX_LANGUAGE_STANDARD = "gnu++20";
				CLANG_ENABLE_MODULES = YES;
				CLANG_ENABLE_OBJC_ARC = YES;
				CLANG_ENABLE_OBJC_WEAK = YES;
				CLANG_WARN_BLOCK_CAPTURE_AUTORELEASING = YES;
				CLANG_WARN_BOOL_CONVERSION = YES;
				CLANG_WARN_COMMA = YES;
				CLANG_WARN_CONSTANT_CONVERSION = YES;
				CLANG_WARN_DEPRECATED_OBJC_IMPLEMENTATIONS = YES;
				CLANG_WARN_DIRECT_OBJC_ISA_USAGE = YES_ERROR;
				CLANG_WARN_DOCUMENTATION_COMMENTS = YES;
				CLANG_WARN_EMPTY_BODY = YES;
				CLANG_WARN_ENUM_CONVERSION = YES;
				CLANG_WARN_INFINITE_RECURSION = YES;
				CLANG_WARN_INT_CONVERSION = YES;
				CLANG_WARN_NON_LITERAL_NULL_CONVERSION = YES;
				CLANG_WARN_OBJC_IMPLICIT_RETAIN_SELF = YES;
				CLANG_WARN_OBJC_LITERAL_CONVERSION = YES;
				CLANG_WARN_OBJC_ROOT_CLASS = YES_ERROR;
				CLANG_WARN_QUOTED_INCLUDE_IN_FRAMEWORK_HEADER = YES;
				CLANG_WARN_RANGE_LOOP_ANALYSIS = YES;
				CLANG_WARN_STRICT_PROTOTYPES = YES;
				CLANG_WARN_SUSPICIOUS_MOVE = YES;
				CLANG_WARN_UNGUARDED_AVAILABILITY = YES_AGGRESSIVE;
				CLANG_WARN_UNREACHABLE_CODE = YES;
				CLANG_WARN__DUPLICATE_METHOD_MATCH = YES;
				COPY_PHASE_STRIP = NO;
				DEBUG_INFORMATION_FORMAT = "dwarf-with-dsym";
				ENABLE_NS_ASSERTIONS = NO;
				ENABLE_STRICT_OBJC_MSGSEND = YES;
				ENABLE_USER_SCRIPT_SANDBOXING = YES;
				GCC_C_LANGUAGE_STANDARD = gnu17;
				GCC_NO_COMMON_BLOCKS = YES;
				GCC_WARN_64_TO_32_BIT_CONVERSION = YES;
				GCC_WARN_ABOUT_RETURN_TYPE = YES_ERROR;
				GCC_WARN_UNDECLARED_SELECTOR = YES;
				GCC_WARN_UNINITIALIZED_AUTOS = YES_AGGRESSIVE;
				GCC_WARN_UNUSED_FUNCTION = YES;
				GCC_WARN_UNUSED_VARIABLE = YES;
				IPHONEOS_DEPLOYMENT_TARGET = 17.4;
				LOCALIZATION_PREFERS_STRING_CATALOGS = YES;
				MTL_ENABLE_DEBUG_INFO = NO;
				MTL_FAST_MATH = YES;
				SDKROOT = iphoneos;
				SWIFT_COMPILATION_MODE = wholemodule;
				VALIDATE_PRODUCT = YES;
			};
			name = Release;
		};
		1242BA192C4FB8BE00E14685 /* Debug */ = {
			isa = XCBuildConfiguration;
			buildSettings = {
				ASSETCATALOG_COMPILER_APPICON_NAME = AppIcon;
				ASSETCATALOG_COMPILER_GLOBAL_ACCENT_COLOR_NAME = AccentColor;
				CODE_SIGN_STYLE = Automatic;
				CURRENT_PROJECT_VERSION = 1;
				DEVELOPMENT_ASSET_PATHS = "\"Meta-IOS-Capstone/Preview Content\"";
				DEVELOPMENT_TEAM = W385FG6626;
				ENABLE_PREVIEWS = YES;
				GENERATE_INFOPLIST_FILE = YES;
				INFOPLIST_KEY_UIApplicationSceneManifest_Generation = YES;
				INFOPLIST_KEY_UIApplicationSupportsIndirectInputEvents = YES;
				INFOPLIST_KEY_UILaunchScreen_Generation = YES;
				INFOPLIST_KEY_UISupportedInterfaceOrientations_iPad = "UIInterfaceOrientationPortrait UIInterfaceOrientationPortraitUpsideDown UIInterfaceOrientationLandscapeLeft UIInterfaceOrientationLandscapeRight";
				INFOPLIST_KEY_UISupportedInterfaceOrientations_iPhone = "UIInterfaceOrientationPortrait UIInterfaceOrientationLandscapeLeft UIInterfaceOrientationLandscapeRight";
				LD_RUNPATH_SEARCH_PATHS = (
					"$(inherited)",
					"@executable_path/Frameworks",
				);
				MARKETING_VERSION = 1.0;
				PRODUCT_BUNDLE_IDENTIFIER = "com.smensah.Meta-IOS-Capstone";
				PRODUCT_NAME = "$(TARGET_NAME)";
				SWIFT_EMIT_LOC_STRINGS = YES;
				SWIFT_VERSION = 5.0;
				TARGETED_DEVICE_FAMILY = "1,2";
			};
			name = Debug;
		};
		1242BA1A2C4FB8BE00E14685 /* Release */ = {
			isa = XCBuildConfiguration;
			buildSettings = {
				ASSETCATALOG_COMPILER_APPICON_NAME = AppIcon;
				ASSETCATALOG_COMPILER_GLOBAL_ACCENT_COLOR_NAME = AccentColor;
				CODE_SIGN_STYLE = Automatic;
				CURRENT_PROJECT_VERSION = 1;
				DEVELOPMENT_ASSET_PATHS = "\"Meta-IOS-Capstone/Preview Content\"";
				DEVELOPMENT_TEAM = W385FG6626;
				ENABLE_PREVIEWS = YES;
				GENERATE_INFOPLIST_FILE = YES;
				INFOPLIST_KEY_UIApplicationSceneManifest_Generation = YES;
				INFOPLIST_KEY_UIApplicationSupportsIndirectInputEvents = YES;
				INFOPLIST_KEY_UILaunchScreen_Generation = YES;
				INFOPLIST_KEY_UISupportedInterfaceOrientations_iPad = "UIInterfaceOrientationPortrait UIInterfaceOrientationPortraitUpsideDown UIInterfaceOrientationLandscapeLeft UIInterfaceOrientationLandscapeRight";
				INFOPLIST_KEY_UISupportedInterfaceOrientations_iPhone = "UIInterfaceOrientationPortrait UIInterfaceOrientationLandscapeLeft UIInterfaceOrientationLandscapeRight";
				LD_RUNPATH_SEARCH_PATHS = (
					"$(inherited)",
					"@executable_path/Frameworks",
				);
				MARKETING_VERSION = 1.0;
				PRODUCT_BUNDLE_IDENTIFIER = "com.smensah.Meta-IOS-Capstone";
				PRODUCT_NAME = "$(TARGET_NAME)";
				SWIFT_EMIT_LOC_STRINGS = YES;
				SWIFT_VERSION = 5.0;
				TARGETED_DEVICE_FAMILY = "1,2";
			};
			name = Release;
		};
		1242BA1C2C4FB8BE00E14685 /* Debug */ = {
			isa = XCBuildConfiguration;
			buildSettings = {
				ALWAYS_EMBED_SWIFT_STANDARD_LIBRARIES = YES;
				BUNDLE_LOADER = "$(TEST_HOST)";
				CODE_SIGN_STYLE = Automatic;
				CURRENT_PROJECT_VERSION = 1;
				DEVELOPMENT_TEAM = W385FG6626;
				GENERATE_INFOPLIST_FILE = YES;
				IPHONEOS_DEPLOYMENT_TARGET = 17.4;
				MARKETING_VERSION = 1.0;
				PRODUCT_BUNDLE_IDENTIFIER = "com.smensah.Meta-IOS-CapstoneTests";
				PRODUCT_NAME = "$(TARGET_NAME)";
				SWIFT_EMIT_LOC_STRINGS = NO;
				SWIFT_VERSION = 5.0;
				TARGETED_DEVICE_FAMILY = "1,2";
				TEST_HOST = "$(BUILT_PRODUCTS_DIR)/Meta-IOS-Capstone.app/$(BUNDLE_EXECUTABLE_FOLDER_PATH)/Meta-IOS-Capstone";
			};
			name = Debug;
		};
		1242BA1D2C4FB8BE00E14685 /* Release */ = {
			isa = XCBuildConfiguration;
			buildSettings = {
				ALWAYS_EMBED_SWIFT_STANDARD_LIBRARIES = YES;
				BUNDLE_LOADER = "$(TEST_HOST)";
				CODE_SIGN_STYLE = Automatic;
				CURRENT_PROJECT_VERSION = 1;
				DEVELOPMENT_TEAM = W385FG6626;
				GENERATE_INFOPLIST_FILE = YES;
				IPHONEOS_DEPLOYMENT_TARGET = 17.4;
				MARKETING_VERSION = 1.0;
				PRODUCT_BUNDLE_IDENTIFIER = "com.smensah.Meta-IOS-CapstoneTests";
				PRODUCT_NAME = "$(TARGET_NAME)";
				SWIFT_EMIT_LOC_STRINGS = NO;
				SWIFT_VERSION = 5.0;
				TARGETED_DEVICE_FAMILY = "1,2";
				TEST_HOST = "$(BUILT_PRODUCTS_DIR)/Meta-IOS-Capstone.app/$(BUNDLE_EXECUTABLE_FOLDER_PATH)/Meta-IOS-Capstone";
			};
			name = Release;
		};
		1242BA1F2C4FB8BE00E14685 /* Debug */ = {
			isa = XCBuildConfiguration;
			buildSettings = {
				ALWAYS_EMBED_SWIFT_STANDARD_LIBRARIES = YES;
				CODE_SIGN_STYLE = Automatic;
				CURRENT_PROJECT_VERSION = 1;
				DEVELOPMENT_TEAM = W385FG6626;
				GENERATE_INFOPLIST_FILE = YES;
				MARKETING_VERSION = 1.0;
				PRODUCT_BUNDLE_IDENTIFIER = "com.smensah.Meta-IOS-CapstoneUITests";
				PRODUCT_NAME = "$(TARGET_NAME)";
				SWIFT_EMIT_LOC_STRINGS = NO;
				SWIFT_VERSION = 5.0;
				TARGETED_DEVICE_FAMILY = "1,2";
				TEST_TARGET_NAME = "Meta-IOS-Capstone";
			};
			name = Debug;
		};
		1242BA202C4FB8BE00E14685 /* Release */ = {
			isa = XCBuildConfiguration;
			buildSettings = {
				ALWAYS_EMBED_SWIFT_STANDARD_LIBRARIES = YES;
				CODE_SIGN_STYLE = Automatic;
				CURRENT_PROJECT_VERSION = 1;
				DEVELOPMENT_TEAM = W385FG6626;
				GENERATE_INFOPLIST_FILE = YES;
				MARKETING_VERSION = 1.0;
				PRODUCT_BUNDLE_IDENTIFIER = "com.smensah.Meta-IOS-CapstoneUITests";
				PRODUCT_NAME = "$(TARGET_NAME)";
				SWIFT_EMIT_LOC_STRINGS = NO;
				SWIFT_VERSION = 5.0;
				TARGETED_DEVICE_FAMILY = "1,2";
				TEST_TARGET_NAME = "Meta-IOS-Capstone";
			};
			name = Release;
		};
/* End XCBuildConfiguration section */

/* Begin XCConfigurationList section */
		1242B9EA2C4FB8BC00E14685 /* Build configuration list for PBXProject "Meta-IOS-Capstone" */ = {
			isa = XCConfigurationList;
			buildConfigurations = (
				1242BA162C4FB8BE00E14685 /* Debug */,
				1242BA172C4FB8BE00E14685 /* Release */,
			);
			defaultConfigurationIsVisible = 0;
			defaultConfigurationName = Release;
		};
		1242BA182C4FB8BE00E14685 /* Build configuration list for PBXNativeTarget "Meta-IOS-Capstone" */ = {
			isa = XCConfigurationList;
			buildConfigurations = (
				1242BA192C4FB8BE00E14685 /* Debug */,
				1242BA1A2C4FB8BE00E14685 /* Release */,
			);
			defaultConfigurationIsVisible = 0;
			defaultConfigurationName = Release;
		};
		1242BA1B2C4FB8BE00E14685 /* Build configuration list for PBXNativeTarget "Meta-IOS-CapstoneTests" */ = {
			isa = XCConfigurationList;
			buildConfigurations = (
				1242BA1C2C4FB8BE00E14685 /* Debug */,
				1242BA1D2C4FB8BE00E14685 /* Release */,
			);
			defaultConfigurationIsVisible = 0;
			defaultConfigurationName = Release;
		};
		1242BA1E2C4FB8BE00E14685 /* Build configuration list for PBXNativeTarget "Meta-IOS-CapstoneUITests" */ = {
			isa = XCConfigurationList;
			buildConfigurations = (
				1242BA1F2C4FB8BE00E14685 /* Debug */,
				1242BA202C4FB8BE00E14685 /* Release */,
			);
			defaultConfigurationIsVisible = 0;
			defaultConfigurationName = Release;
		};
/* End XCConfigurationList section */

/* Begin XCVersionGroup section */
		1242B9FD2C4FB8BE00E14685 /* Meta_IOS_Capstone.xcdatamodeld */ = {
			isa = XCVersionGroup;
			children = (
				1242B9FE2C4FB8BE00E14685 /* Meta_IOS_Capstone.xcdatamodel */,
			);
			currentVersion = 1242B9FE2C4FB8BE00E14685 /* Meta_IOS_Capstone.xcdatamodel */;
			path = Meta_IOS_Capstone.xcdatamodeld;
			sourceTree = "<group>";
			versionGroupType = wrapper.xcdatamodel;
		};
/* End XCVersionGroup section */
	};
	rootObject = 1242B9E72C4FB8BC00E14685 /* Project object */;
}
